
Microsoft Visual Studio Solution File, Format Version 10.00
# Visual Studio 2008
Project("{FAE04EC0-301F-11D3-BF4B-00C04F79EFBC}") = "Rensoft.TechCentre.WebSite", "Rensoft.TechCentre.WebSite\Rensoft.TechCentre.WebSite.csproj", "{0BAF3105-2102-412C-B4D6-3988B60E7587}"
EndProject
Project("{FAE04EC0-301F-11D3-BF4B-00C04F79EFBC}") = "Rensoft.TechCentre", "Rensoft.TechCentre\Rensoft.TechCentre.csproj", "{4DC6274C-34E5-4B6C-9B1B-9C806ED3DB8C}"
EndProject
Project("{FAE04EC0-301F-11D3-BF4B-00C04F79EFBC}") = "Rensoft.ErrorReporting", "..\Rensoft.ErrorReporting\Rensoft.ErrorReporting\Rensoft.ErrorReporting.csproj", "{4DC206E8-BDF6-4CF6-B626-36DDE18A9303}"
EndProject
Global
	GlobalSection(SolutionConfigurationPlatforms) = preSolution
		Debug|.NET = Debug|.NET
		Debug|Any CPU = Debug|Any CPU
		Debug|Mixed Platforms = Debug|Mixed Platforms
		Release|.NET = Release|.NET
		Release|Any CPU = Release|Any CPU
		Release|Mixed Platforms = Release|Mixed Platforms
	EndGlobalSection
	GlobalSection(ProjectConfigurationPlatforms) = postSolution
		{0BAF3105-2102-412C-B4D6-3988B60E7587}.Debug|.NET.ActiveCfg = Debug|Any CPU
		{0BAF3105-2102-412C-B4D6-3988B60E7587}.Debug|Any CPU.ActiveCfg = Debug|Any CPU
		{0BAF3105-2102-412C-B4D6-3988B60E7587}.Debug|Any CPU.Build.0 = Debug|Any CPU
		{0BAF3105-2102-412C-B4D6-3988B60E7587}.Debug|Mixed Platforms.ActiveCfg = Debug|Any CPU
		{0BAF3105-2102-412C-B4D6-3988B60E7587}.Debug|Mixed Platforms.Build.0 = Debug|Any CPU
		{0BAF3105-2102-412C-B4D6-3988B60E7587}.Release|.NET.ActiveCfg = Release|Any CPU
		{0BAF3105-2102-412C-B4D6-3988B60E7587}.Release|Any CPU.ActiveCfg = Release|Any CPU
		{0BAF3105-2102-412C-B4D6-3988B60E7587}.Release|Any CPU.Build.0 = Release|Any CPU
		{0BAF3105-2102-412C-B4D6-3988B60E7587}.Release|Mixed Platforms.ActiveCfg = Release|Any CPU
		{0BAF3105-2102-412C-B4D6-3988B60E7587}.Release|Mixed Platforms.Build.0 = Release|Any CPU
		{4DC6274C-34E5-4B6C-9B1B-9C806ED3DB8C}.Debug|.NET.ActiveCfg = Debug|Any CPU
		{4DC6274C-34E5-4B6C-9B1B-9C806ED3DB8C}.Debug|Any CPU.ActiveCfg = Debug|Any CPU
		{4DC6274C-34E5-4B6C-9B1B-9C806ED3DB8C}.Debug|Any CPU.Build.0 = Debug|Any CPU
		{4DC6274C-34E5-4B6C-9B1B-9C806ED3DB8C}.Debug|Mixed Platforms.ActiveCfg = Debug|Any CPU
		{4DC6274C-34E5-4B6C-9B1B-9C806ED3DB8C}.Debug|Mixed Platforms.Build.0 = Debug|Any CPU
		{4DC6274C-34E5-4B6C-9B1B-9C806ED3DB8C}.Release|.NET.ActiveCfg = Release|Any CPU
		{4DC6274C-34E5-4B6C-9B1B-9C806ED3DB8C}.Release|Any CPU.ActiveCfg = Release|Any CPU
		{4DC6274C-34E5-4B6C-9B1B-9C806ED3DB8C}.Release|Any CPU.Build.0 = Release|Any CPU
		{4DC6274C-34E5-4B6C-9B1B-9C806ED3DB8C}.Release|Mixed Platforms.ActiveCfg = Release|Any CPU
		{4DC6274C-34E5-4B6C-9B1B-9C806ED3DB8C}.Release|Mixed Platforms.Build.0 = Release|Any CPU
		{4DC206E8-BDF6-4CF6-B626-36DDE18A9303}.Debug|.NET.ActiveCfg = Debug|Any CPU
		{4DC206E8-BDF6-4CF6-B626-36DDE18A9303}.Debug|Any CPU.ActiveCfg = Debug|Any CPU
		{4DC206E8-BDF6-4CF6-B626-36DDE18A9303}.Debug|Any CPU.Build.0 = Debug|Any CPU
		{4DC206E8-BDF6-4CF6-B626-36DDE18A9303}.Debug|Mixed Platforms.ActiveCfg = Debug|Any CPU
		{4DC206E8-BDF6-4CF6-B626-36DDE18A9303}.Debug|Mixed Platforms.Build.0 = Debug|Any CPU
		{4DC206E8-BDF6-4CF6-B626-36DDE18A9303}.Release|.NET.ActiveCfg = Release|Any CPU
		{4DC206E8-BDF6-4CF6-B626-36DDE18A9303}.Release|Any CPU.ActiveCfg = Release|Any CPU
		{4DC206E8-BDF6-4CF6-B626-36DDE18A9303}.Release|Any CPU.Build.0 = Release|Any CPU
		{4DC206E8-BDF6-4CF6-B626-36DDE18A9303}.Release|Mixed Platforms.ActiveCfg = Release|Any CPU
		{4DC206E8-BDF6-4CF6-B626-36DDE18A9303}.Release|Mixed Platforms.Build.0 = Release|Any CPU
	EndGlobalSection
	GlobalSection(SolutionProperties) = preSolution
		HideSolutionNode = FALSE
	EndGlobalSection
	GlobalSection(ExtensibilityGlobals) = postSolution
		VisualSVNWorkingCopyRoot = .
	EndGlobalSection
EndGlobal
